// !$*UTF8*$!
{
	archiveVersion = 1;
	classes = {
	};
	objectVersion = 50;
	objects = {

/* Begin PBXBuildFile section */
		E271689522D86A4500265C2A /* AppDelegate.swift in Sources */ = {isa = PBXBuildFile; fileRef = E271689422D86A4500265C2A /* AppDelegate.swift */; };
		E271689722D86A4500265C2A /* ViewController.swift in Sources */ = {isa = PBXBuildFile; fileRef = E271689622D86A4500265C2A /* ViewController.swift */; };
		E271689A22D86A4500265C2A /* Main.storyboard in Resources */ = {isa = PBXBuildFile; fileRef = E271689822D86A4500265C2A /* Main.storyboard */; };
		E271689C22D86A4600265C2A /* Assets.xcassets in Resources */ = {isa = PBXBuildFile; fileRef = E271689B22D86A4600265C2A /* Assets.xcassets */; };
		E271689F22D86A4600265C2A /* LaunchScreen.storyboard in Resources */ = {isa = PBXBuildFile; fileRef = E271689D22D86A4600265C2A /* LaunchScreen.storyboard */; };
		E27168AA22D86A4600265C2A /* LetsRockTests.swift in Sources */ = {isa = PBXBuildFile; fileRef = E27168A922D86A4600265C2A /* LetsRockTests.swift */; };
		E27168B522D86A4600265C2A /* LetsRockUITests.swift in Sources */ = {isa = PBXBuildFile; fileRef = E27168B422D86A4600265C2A /* LetsRockUITests.swift */; };
/* End PBXBuildFile section */

/* Begin PBXContainerItemProxy section */
		E27168A622D86A4600265C2A /* PBXContainerItemProxy */ = {
			isa = PBXContainerItemProxy;
			containerPortal = E271688922D86A4500265C2A /* Project object */;
			proxyType = 1;
			remoteGlobalIDString = E271689022D86A4500265C2A;
			remoteInfo = LetsRock;
		};
		E27168B122D86A4600265C2A /* PBXContainerItemProxy */ = {
			isa = PBXContainerItemProxy;
			containerPortal = E271688922D86A4500265C2A /* Project object */;
			proxyType = 1;
			remoteGlobalIDString = E271689022D86A4500265C2A;
			remoteInfo = LetsRock;
		};
/* End PBXContainerItemProxy section */

/* Begin PBXFileReference section */
		E271689122D86A4500265C2A /* LetsRock.app */ = {isa = PBXFileReference; explicitFileType = wrapper.application; includeInIndex = 0; path = LetsRock.app; sourceTree = BUILT_PRODUCTS_DIR; };
		E271689422D86A4500265C2A /* AppDelegate.swift */ = {isa = PBXFileReference; lastKnownFileType = sourcecode.swift; path = AppDelegate.swift; sourceTree = "<group>"; };
		E271689622D86A4500265C2A /* ViewController.swift */ = {isa = PBXFileReference; lastKnownFileType = sourcecode.swift; path = ViewController.swift; sourceTree = "<group>"; };
		E271689922D86A4500265C2A /* Base */ = {isa = PBXFileReference; lastKnownFileType = file.storyboard; name = Base; path = Base.lproj/Main.storyboard; sourceTree = "<group>"; };
		E271689B22D86A4600265C2A /* Assets.xcassets */ = {isa = PBXFileReference; lastKnownFileType = folder.assetcatalog; path = Assets.xcassets; sourceTree = "<group>"; };
		E271689E22D86A4600265C2A /* Base */ = {isa = PBXFileReference; lastKnownFileType = file.storyboard; name = Base; path = Base.lproj/LaunchScreen.storyboard; sourceTree = "<group>"; };
		E27168A022D86A4600265C2A /* Info.plist */ = {isa = PBXFileReference; lastKnownFileType = text.plist.xml; path = Info.plist; sourceTree = "<group>"; };
		E27168A522D86A4600265C2A /* LetsRockTests.xctest */ = {isa = PBXFileReference; explicitFileType = wrapper.cfbundle; includeInIndex = 0; path = LetsRockTests.xctest; sourceTree = BUILT_PRODUCTS_DIR; };
		E27168A922D86A4600265C2A /* LetsRockTests.swift */ = {isa = PBXFileReference; lastKnownFileType = sourcecode.swift; path = LetsRockTests.swift; sourceTree = "<group>"; };
		E27168AB22D86A4600265C2A /* Info.plist */ = {isa = PBXFileReference; lastKnownFileType = text.plist.xml; path = Info.plist; sourceTree = "<group>"; };
		E27168B022D86A4600265C2A /* LetsRockUITests.xctest */ = {isa = PBXFileReference; explicitFileType = wrapper.cfbundle; includeInIndex = 0; path = LetsRockUITests.xctest; sourceTree = BUILT_PRODUCTS_DIR; };
		E27168B422D86A4600265C2A /* LetsRockUITests.swift */ = {isa = PBXFileReference; lastKnownFileType = sourcecode.swift; path = LetsRockUITests.swift; sourceTree = "<group>"; };
		E27168B622D86A4600265C2A /* Info.plist */ = {isa = PBXFileReference; lastKnownFileType = text.plist.xml; path = Info.plist; sourceTree = "<group>"; };
/* End PBXFileReference section */

/* Begin PBXFrameworksBuildPhase section */
		E271688E22D86A4500265C2A /* Frameworks */ = {
			isa = PBXFrameworksBuildPhase;
			buildActionMask = 2147483647;
			files = (
			);
			runOnlyForDeploymentPostprocessing = 0;
		};
		E27168A222D86A4600265C2A /* Frameworks */ = {
			isa = PBXFrameworksBuildPhase;
			buildActionMask = 2147483647;
			files = (
			);
			runOnlyForDeploymentPostprocessing = 0;
		};
		E27168AD22D86A4600265C2A /* Frameworks */ = {
			isa = PBXFrameworksBuildPhase;
			buildActionMask = 2147483647;
			files = (
			);
			runOnlyForDeploymentPostprocessing = 0;
		};
/* End PBXFrameworksBuildPhase section */

/* Begin PBXGroup section */
		E271688822D86A4500265C2A = {
			isa = PBXGroup;
			children = (
				E271689322D86A4500265C2A /* LetsRock */,
				E27168A822D86A4600265C2A /* LetsRockTests */,
				E27168B322D86A4600265C2A /* LetsRockUITests */,
				E271689222D86A4500265C2A /* Products */,
			);
			sourceTree = "<group>";
		};
		E271689222D86A4500265C2A /* Products */ = {
			isa = PBXGroup;
			children = (
				E271689122D86A4500265C2A /* LetsRock.app */,
				E27168A522D86A4600265C2A /* LetsRockTests.xctest */,
				E27168B022D86A4600265C2A /* LetsRockUITests.xctest */,
			);
			name = Products;
			sourceTree = "<group>";
		};
		E271689322D86A4500265C2A /* LetsRock */ = {
			isa = PBXGroup;
			children = (
				E271689422D86A4500265C2A /* AppDelegate.swift */,
				E271689622D86A4500265C2A /* ViewController.swift */,
				E271689822D86A4500265C2A /* Main.storyboard */,
				E271689B22D86A4600265C2A /* Assets.xcassets */,
				E271689D22D86A4600265C2A /* LaunchScreen.storyboard */,
				E27168A022D86A4600265C2A /* Info.plist */,
			);
			path = LetsRock;
			sourceTree = "<group>";
		};
		E27168A822D86A4600265C2A /* LetsRockTests */ = {
			isa = PBXGroup;
			children = (
				E27168A922D86A4600265C2A /* LetsRockTests.swift */,
				E27168AB22D86A4600265C2A /* Info.plist */,
			);
			path = LetsRockTests;
			sourceTree = "<group>";
		};
		E27168B322D86A4600265C2A /* LetsRockUITests */ = {
			isa = PBXGroup;
			children = (
				E27168B422D86A4600265C2A /* LetsRockUITests.swift */,
				E27168B622D86A4600265C2A /* Info.plist */,
			);
			path = LetsRockUITests;
			sourceTree = "<group>";
		};
/* End PBXGroup section */

/* Begin PBXNativeTarget section */
		E271689022D86A4500265C2A /* LetsRock */ = {
			isa = PBXNativeTarget;
			buildConfigurationList = E27168B922D86A4600265C2A /* Build configuration list for PBXNativeTarget "LetsRock" */;
			buildPhases = (
				E271688D22D86A4500265C2A /* Sources */,
				E271688E22D86A4500265C2A /* Frameworks */,
				E271688F22D86A4500265C2A /* Resources */,
			);
			buildRules = (
			);
			dependencies = (
			);
			name = LetsRock;
			productName = LetsRock;
			productReference = E271689122D86A4500265C2A /* LetsRock.app */;
			productType = "com.apple.product-type.application";
		};
		E27168A422D86A4600265C2A /* LetsRockTests */ = {
			isa = PBXNativeTarget;
			buildConfigurationList = E27168BC22D86A4600265C2A /* Build configuration list for PBXNativeTarget "LetsRockTests" */;
			buildPhases = (
				E27168A122D86A4600265C2A /* Sources */,
				E27168A222D86A4600265C2A /* Frameworks */,
				E27168A322D86A4600265C2A /* Resources */,
			);
			buildRules = (
			);
			dependencies = (
				E27168A722D86A4600265C2A /* PBXTargetDependency */,
			);
			name = LetsRockTests;
			productName = LetsRockTests;
			productReference = E27168A522D86A4600265C2A /* LetsRockTests.xctest */;
			productType = "com.apple.product-type.bundle.unit-test";
		};
		E27168AF22D86A4600265C2A /* LetsRockUITests */ = {
			isa = PBXNativeTarget;
			buildConfigurationList = E27168BF22D86A4600265C2A /* Build configuration list for PBXNativeTarget "LetsRockUITests" */;
			buildPhases = (
				E27168AC22D86A4600265C2A /* Sources */,
				E27168AD22D86A4600265C2A /* Frameworks */,
				E27168AE22D86A4600265C2A /* Resources */,
			);
			buildRules = (
			);
			dependencies = (
				E27168B222D86A4600265C2A /* PBXTargetDependency */,
			);
			name = LetsRockUITests;
			productName = LetsRockUITests;
			productReference = E27168B022D86A4600265C2A /* LetsRockUITests.xctest */;
			productType = "com.apple.product-type.bundle.ui-testing";
		};
/* End PBXNativeTarget section */

/* Begin PBXProject section */
		E271688922D86A4500265C2A /* Project object */ = {
			isa = PBXProject;
			attributes = {
				LastSwiftUpdateCheck = 1000;
				LastUpgradeCheck = 1000;
				ORGANIZATIONNAME = "cecilie.rubach@gmail.com";
				TargetAttributes = {
					E271689022D86A4500265C2A = {
						CreatedOnToolsVersion = 10.0;
					};
					E27168A422D86A4600265C2A = {
						CreatedOnToolsVersion = 10.0;
						TestTargetID = E271689022D86A4500265C2A;
					};
					E27168AF22D86A4600265C2A = {
						CreatedOnToolsVersion = 10.0;
						TestTargetID = E271689022D86A4500265C2A;
					};
				};
			};
			buildConfigurationList = E271688C22D86A4500265C2A /* Build configuration list for PBXProject "LetsRock" */;
			compatibilityVersion = "Xcode 9.3";
			developmentRegion = en;
			hasScannedForEncodings = 0;
			knownRegions = (
				en,
				Base,
			);
			mainGroup = E271688822D86A4500265C2A;
			productRefGroup = E271689222D86A4500265C2A /* Products */;
			projectDirPath = "";
			projectRoot = "";
			targets = (
				E271689022D86A4500265C2A /* LetsRock */,
				E27168A422D86A4600265C2A /* LetsRockTests */,
				E27168AF22D86A4600265C2A /* LetsRockUITests */,
			);
		};
/* End PBXProject section */

/* Begin PBXResourcesBuildPhase section */
		E271688F22D86A4500265C2A /* Resources */ = {
			isa = PBXResourcesBuildPhase;
			buildActionMask = 2147483647;
			files = (
				E271689F22D86A4600265C2A /* LaunchScreen.storyboard in Resources */,
				E271689C22D86A4600265C2A /* Assets.xcassets in Resources */,
				E271689A22D86A4500265C2A /* Main.storyboard in Resources */,
			);
			runOnlyForDeploymentPostprocessing = 0;
		};
		E27168A322D86A4600265C2A /* Resources */ = {
			isa = PBXResourcesBuildPhase;
			buildActionMask = 2147483647;
			files = (
			);
			runOnlyForDeploymentPostprocessing = 0;
		};
		E27168AE22D86A4600265C2A /* Resources */ = {
			isa = PBXResourcesBuildPhase;
			buildActionMask = 2147483647;
			files = (
			);
			runOnlyForDeploymentPostprocessing = 0;
		};
/* End PBXResourcesBuildPhase section */

/* Begin PBXSourcesBuildPhase section */
		E271688D22D86A4500265C2A /* Sources */ = {
			isa = PBXSourcesBuildPhase;
			buildActionMask = 2147483647;
			files = (
				E271689722D86A4500265C2A /* ViewController.swift in Sources */,
				E271689522D86A4500265C2A /* AppDelegate.swift in Sources */,
			);
			runOnlyForDeploymentPostprocessing = 0;
		};
		E27168A122D86A4600265C2A /* Sources */ = {
			isa = PBXSourcesBuildPhase;
			buildActionMask = 2147483647;
			files = (
				E27168AA22D86A4600265C2A /* LetsRockTests.swift in Sources */,
			);
			runOnlyForDeploymentPostprocessing = 0;
		};
		E27168AC22D86A4600265C2A /* Sources */ = {
			isa = PBXSourcesBuildPhase;
			buildActionMask = 2147483647;
			files = (
				E27168B522D86A4600265C2A /* LetsRockUITests.swift in Sources */,
			);
			runOnlyForDeploymentPostprocessing = 0;
		};
/* End PBXSourcesBuildPhase section */

/* Begin PBXTargetDependency section */
		E27168A722D86A4600265C2A /* PBXTargetDependency */ = {
			isa = PBXTargetDependency;
			target = E271689022D86A4500265C2A /* LetsRock */;
			targetProxy = E27168A622D86A4600265C2A /* PBXContainerItemProxy */;
		};
		E27168B222D86A4600265C2A /* PBXTargetDependency */ = {
			isa = PBXTargetDependency;
			target = E271689022D86A4500265C2A /* LetsRock */;
			targetProxy = E27168B122D86A4600265C2A /* PBXContainerItemProxy */;
		};
/* End PBXTargetDependency section */

/* Begin PBXVariantGroup section */
		E271689822D86A4500265C2A /* Main.storyboard */ = {
			isa = PBXVariantGroup;
			children = (
				E271689922D86A4500265C2A /* Base */,
			);
			name = Main.storyboard;
			sourceTree = "<group>";
		};
		E271689D22D86A4600265C2A /* LaunchScreen.storyboard */ = {
			isa = PBXVariantGroup;
			children = (
				E271689E22D86A4600265C2A /* Base */,
			);
			name = LaunchScreen.storyboard;
			sourceTree = "<group>";
		};
/* End PBXVariantGroup section */

/* Begin XCBuildConfiguration section */
		E27168B722D86A4600265C2A /* Debug */ = {
			isa = XCBuildConfiguration;
			buildSettings = {
				ALWAYS_SEARCH_USER_PATHS = NO;
				CLANG_ANALYZER_NONNULL = YES;
				CLANG_ANALYZER_NUMBER_OBJECT_CONVERSION = YES_AGGRESSIVE;
				CLANG_CXX_LANGUAGE_STANDARD = "gnu++14";
				CLANG_CXX_LIBRARY = "libc++";
				CLANG_ENABLE_MODULES = YES;
				CLANG_ENABLE_OBJC_ARC = YES;
				CLANG_ENABLE_OBJC_WEAK = YES;
				CLANG_WARN_BLOCK_CAPTURE_AUTORELEASING = YES;
				CLANG_WARN_BOOL_CONVERSION = YES;
				CLANG_WARN_COMMA = YES;
				CLANG_WARN_CONSTANT_CONVERSION = YES;
				CLANG_WARN_DEPRECATED_OBJC_IMPLEMENTATIONS = YES;
				CLANG_WARN_DIRECT_OBJC_ISA_USAGE = YES_ERROR;
				CLANG_WARN_DOCUMENTATION_COMMENTS = YES;
				CLANG_WARN_EMPTY_BODY = YES;
				CLANG_WARN_ENUM_CONVERSION = YES;
				CLANG_WARN_INFINITE_RECURSION = YES;
				CLANG_WARN_INT_CONVERSION = YES;
				CLANG_WARN_NON_LITERAL_NULL_CONVERSION = YES;
				CLANG_WARN_OBJC_IMPLICIT_RETAIN_SELF = YES;
				CLANG_WARN_OBJC_LITERAL_CONVERSION = YES;
				CLANG_WARN_OBJC_ROOT_CLASS = YES_ERROR;
				CLANG_WARN_RANGE_LOOP_ANALYSIS = YES;
				CLANG_WARN_STRICT_PROTOTYPES = YES;
				CLANG_WARN_SUSPICIOUS_MOVE = YES;
				CLANG_WARN_UNGUARDED_AVAILABILITY = YES_AGGRESSIVE;
				CLANG_WARN_UNREACHABLE_CODE = YES;
				CLANG_WARN__DUPLICATE_METHOD_MATCH = YES;
				CODE_SIGN_IDENTITY = "iPhone Developer";
				COPY_PHASE_STRIP = NO;
				DEBUG_INFORMATION_FORMAT = dwarf;
				ENABLE_STRICT_OBJC_MSGSEND = YES;
				ENABLE_TESTABILITY = YES;
				GCC_C_LANGUAGE_STANDARD = gnu11;
				GCC_DYNAMIC_NO_PIC = NO;
				GCC_NO_COMMON_BLOCKS = YES;
				GCC_OPTIMIZATION_LEVEL = 0;
				GCC_PREPROCESSOR_DEFINITIONS = (
					"DEBUG=1",
					"$(inherited)",
				);
				GCC_WARN_64_TO_32_BIT_CONVERSION = YES;
				GCC_WARN_ABOUT_RETURN_TYPE = YES_ERROR;
				GCC_WARN_UNDECLARED_SELECTOR = YES;
				GCC_WARN_UNINITIALIZED_AUTOS = YES_AGGRESSIVE;
				GCC_WARN_UNUSED_FUNCTION = YES;
				GCC_WARN_UNUSED_VARIABLE = YES;
				IPHONEOS_DEPLOYMENT_TARGET = 12.0;
				MTL_ENABLE_DEBUG_INFO = INCLUDE_SOURCE;
				MTL_FAST_MATH = YES;
				ONLY_ACTIVE_ARCH = YES;
				SDKROOT = iphoneos;
				SWIFT_ACTIVE_COMPILATION_CONDITIONS = DEBUG;
				SWIFT_OPTIMIZATION_LEVEL = "-Onone";
			};
			name = Debug;
		};
		E27168B822D86A4600265C2A /* Release */ = {
			isa = XCBuildConfiguration;
			buildSettings = {
				ALWAYS_SEARCH_USER_PATHS = NO;
				CLANG_ANALYZER_NONNULL = YES;
				CLANG_ANALYZER_NUMBER_OBJECT_CONVERSION = YES_AGGRESSIVE;
				CLANG_CXX_LANGUAGE_STANDARD = "gnu++14";
				CLANG_CXX_LIBRARY = "libc++";
				CLANG_ENABLE_MODULES = YES;
				CLANG_ENABLE_OBJC_ARC = YES;
				CLANG_ENABLE_OBJC_WEAK = YES;
				CLANG_WARN_BLOCK_CAPTURE_AUTORELEASING = YES;
				CLANG_WARN_BOOL_CONVERSION = YES;
				CLANG_WARN_COMMA = YES;
				CLANG_WARN_CONSTANT_CONVERSION = YES;
				CLANG_WARN_DEPRECATED_OBJC_IMPLEMENTATIONS = YES;
				CLANG_WARN_DIRECT_OBJC_ISA_USAGE = YES_ERROR;
				CLANG_WARN_DOCUMENTATION_COMMENTS = YES;
				CLANG_WARN_EMPTY_BODY = YES;
				CLANG_WARN_ENUM_CONVERSION = YES;
				CLANG_WARN_INFINITE_RECURSION = YES;
				CLANG_WARN_INT_CONVERSION = YES;
				CLANG_WARN_NON_LITERAL_NULL_CONVERSION = YES;
				CLANG_WARN_OBJC_IMPLICIT_RETAIN_SELF = YES;
				CLANG_WARN_OBJC_LITERAL_CONVERSION = YES;
				CLANG_WARN_OBJC_ROOT_CLASS = YES_ERROR;
				CLANG_WARN_RANGE_LOOP_ANALYSIS = YES;
				CLANG_WARN_STRICT_PROTOTYPES = YES;
				CLANG_WARN_SUSPICIOUS_MOVE = YES;
				CLANG_WARN_UNGUARDED_AVAILABILITY = YES_AGGRESSIVE;
				CLANG_WARN_UNREACHABLE_CODE = YES;
				CLANG_WARN__DUPLICATE_METHOD_MATCH = YES;
				CODE_SIGN_IDENTITY = "iPhone Developer";
				COPY_PHASE_STRIP = NO;
				DEBUG_INFORMATION_FORMAT = "dwarf-with-dsym";
				ENABLE_NS_ASSERTIONS = NO;
				ENABLE_STRICT_OBJC_MSGSEND = YES;
				GCC_C_LANGUAGE_STANDARD = gnu11;
				GCC_NO_COMMON_BLOCKS = YES;
				GCC_WARN_64_TO_32_BIT_CONVERSION = YES;
				GCC_WARN_ABOUT_RETURN_TYPE = YES_ERROR;
				GCC_WARN_UNDECLARED_SELECTOR = YES;
				GCC_WARN_UNINITIALIZED_AUTOS = YES_AGGRESSIVE;
				GCC_WARN_UNUSED_FUNCTION = YES;
				GCC_WARN_UNUSED_VARIABLE = YES;
				IPHONEOS_DEPLOYMENT_TARGET = 12.0;
				MTL_ENABLE_DEBUG_INFO = NO;
				MTL_FAST_MATH = YES;
				SDKROOT = iphoneos;
				SWIFT_COMPILATION_MODE = wholemodule;
				SWIFT_OPTIMIZATION_LEVEL = "-O";
				VALIDATE_PRODUCT = YES;
			};
			name = Release;
		};
		E27168BA22D86A4600265C2A /* Debug */ = {
			isa = XCBuildConfiguration;
			buildSettings = {
				ASSETCATALOG_COMPILER_APPICON_NAME = AppIcon;
				CODE_SIGN_STYLE = Automatic;
				DEVELOPMENT_TEAM = B4CQF8N5ME;
				INFOPLIST_FILE = LetsRock/Info.plist;
				LD_RUNPATH_SEARCH_PATHS = (
					"$(inherited)",
					"@executable_path/Frameworks",
				);
				PRODUCT_BUNDLE_IDENTIFIER = Mintest.LetsRock;
				PRODUCT_NAME = "$(TARGET_NAME)";
				SWIFT_VERSION = 4.2;
				TARGETED_DEVICE_FAMILY = "1,2";
			};
			name = Debug;
		};
		E27168BB22D86A4600265C2A /* Release */ = {
			isa = XCBuildConfiguration;
			buildSettings = {
				ASSETCATALOG_COMPILER_APPICON_NAME = AppIcon;
				CODE_SIGN_STYLE = Automatic;
				DEVELOPMENT_TEAM = B4CQF8N5ME;
				INFOPLIST_FILE = LetsRock/Info.plist;
				LD_RUNPATH_SEARCH_PATHS = (
					"$(inherited)",
					"@executable_path/Frameworks",
				);
				PRODUCT_BUNDLE_IDENTIFIER = Mintest.LetsRock;
				PRODUCT_NAME = "$(TARGET_NAME)";
				SWIFT_VERSION = 4.2;
				TARGETED_DEVICE_FAMILY = "1,2";
			};
			name = Release;
		};
		E27168BD22D86A4600265C2A /* Debug */ = {
			isa = XCBuildConfiguration;
			buildSettings = {
				ALWAYS_EMBED_SWIFT_STANDARD_LIBRARIES = YES;
				BUNDLE_LOADER = "$(TEST_HOST)";
				CODE_SIGN_STYLE = Automatic;
				DEVELOPMENT_TEAM = B4CQF8N5ME;
				INFOPLIST_FILE = LetsRockTests/Info.plist;
				LD_RUNPATH_SEARCH_PATHS = (
					"$(inherited)",
					"@executable_path/Frameworks",
					"@loader_path/Frameworks",
				);
				PRODUCT_BUNDLE_IDENTIFIER = Mintest.LetsRockTests;
				PRODUCT_NAME = "$(TARGET_NAME)";
				SWIFT_VERSION = 4.2;
				TARGETED_DEVICE_FAMILY = "1,2";
				TEST_HOST = "$(BUILT_PRODUCTS_DIR)/LetsRock.app/LetsRock";
			};
			name = Debug;
		};
		E27168BE22D86A4600265C2A /* Release */ = {
			isa = XCBuildConfiguration;
			buildSettings = {
				ALWAYS_EMBED_SWIFT_STANDARD_LIBRARIES = YES;
				BUNDLE_LOADER = "$(TEST_HOST)";
				CODE_SIGN_STYLE = Automatic;
				DEVELOPMENT_TEAM = B4CQF8N5ME;
				INFOPLIST_FILE = LetsRockTests/Info.plist;
				LD_RUNPATH_SEARCH_PATHS = (
					"$(inherited)",
					"@executable_path/Frameworks",
					"@loader_path/Frameworks",
				);
				PRODUCT_BUNDLE_IDENTIFIER = Mintest.LetsRockTests;
				PRODUCT_NAME = "$(TARGET_NAME)";
				SWIFT_VERSION = 4.2;
				TARGETED_DEVICE_FAMILY = "1,2";
				TEST_HOST = "$(BUILT_PRODUCTS_DIR)/LetsRock.app/LetsRock";
			};
			name = Release;
		};
		E27168C022D86A4600265C2A /* Debug */ = {
			isa = XCBuildConfiguration;
			buildSettings = {
				ALWAYS_EMBED_SWIFT_STANDARD_LIBRARIES = YES;
				CODE_SIGN_STYLE = Automatic;
				DEVELOPMENT_TEAM = B4CQF8N5ME;
				INFOPLIST_FILE = LetsRockUITests/Info.plist;
				LD_RUNPATH_SEARCH_PATHS = (
					"$(inherited)",
					"@executable_path/Frameworks",
					"@loader_path/Frameworks",
				);
				PRODUCT_BUNDLE_IDENTIFIER = Mintest.LetsRockUITests;
				PRODUCT_NAME = "$(TARGET_NAME)";
				SWIFT_VERSION = 4.2;
				TARGETED_DEVICE_FAMILY = "1,2";
				TEST_TARGET_NAME = LetsRock;
			};
			name = Debug;
		};
		E27168C122D86A4600265C2A /* Release */ = {
			isa = XCBuildConfiguration;
			buildSettings = {
				ALWAYS_EMBED_SWIFT_STANDARD_LIBRARIES = YES;
				CODE_SIGN_STYLE = Automatic;
				DEVELOPMENT_TEAM = B4CQF8N5ME;
				INFOPLIST_FILE = LetsRockUITests/Info.plist;
				LD_RUNPATH_SEARCH_PATHS = (
					"$(inherited)",
					"@executable_path/Frameworks",
					"@loader_path/Frameworks",
				);
				PRODUCT_BUNDLE_IDENTIFIER = Mintest.LetsRockUITests;
				PRODUCT_NAME = "$(TARGET_NAME)";
				SWIFT_VERSION = 4.2;
				TARGETED_DEVICE_FAMILY = "1,2";
				TEST_TARGET_NAME = LetsRock;
			};
			name = Release;
		};
/* End XCBuildConfiguration section */

/* Begin XCConfigurationList section */
		E271688C22D86A4500265C2A /* Build configuration list for PBXProject "LetsRock" */ = {
			isa = XCConfigurationList;
			buildConfigurations = (
				E27168B722D86A4600265C2A /* Debug */,
				E27168B822D86A4600265C2A /* Release */,
			);
			defaultConfigurationIsVisible = 0;
			defaultConfigurationName = Release;
		};
		E27168B922D86A4600265C2A /* Build configuration list for PBXNativeTarget "LetsRock" */ = {
			isa = XCConfigurationList;
			buildConfigurations = (
				E27168BA22D86A4600265C2A /* Debug */,
				E27168BB22D86A4600265C2A /* Release */,
			);
			defaultConfigurationIsVisible = 0;
			defaultConfigurationName = Release;
		};
		E27168BC22D86A4600265C2A /* Build configuration list for PBXNativeTarget "LetsRockTests" */ = {
			isa = XCConfigurationList;
			buildConfigurations = (
				E27168BD22D86A4600265C2A /* Debug */,
				E27168BE22D86A4600265C2A /* Release */,
			);
			defaultConfigurationIsVisible = 0;
			defaultConfigurationName = Release;
		};
		E27168BF22D86A4600265C2A /* Build configuration list for PBXNativeTarget "LetsRockUITests" */ = {
			isa = XCConfigurationList;
			buildConfigurations = (
				E27168C022D86A4600265C2A /* Debug */,
				E27168C122D86A4600265C2A /* Release */,
			);
			defaultConfigurationIsVisible = 0;
			defaultConfigurationName = Release;
		};
/* End XCConfigurationList section */
	};
	rootObject = E271688922D86A4500265C2A /* Project object */;
}
